{
  "version": 4,
  "terraform_version": "1.0.8",
  "serial": 167,
  "lineage": "4d4f106a-841d-f588-a78f-5b268221101d",
  "outputs": {
    "voltconsole_endpoint": {
      "value": "https://f5-dataai.console.ves.volterra.io",
      "type": "string"
    }
  },
  "resources": [
    {
      "mode": "data",
      "type": "external",
      "name": "volterra_public_image",
      "provider": "provider[\"registry.terraform.io/hashicorp/external\"]",
      "instances": [
        {
          "schema_version": 0,
          "attributes": {
            "id": "-",
            "program": [
              "python3",
              "./volterra_image_selector.py"
            ],
            "query": {
              "region": "us-south",
              "version_prefix": "7.2009.5"
            },
            "result": {
              "image_id": "r006-acf9d59b-b07d-49f5-a94f-6cecb9a812da",
              "image_name": "centos-7-2009-5-202103011045-qcow2",
              "image_sql_url": "cos://us-south/volterra-ce-us-south/centos-7.2009.5-202103011045.qcow2",
              "region": "us-south",
              "version_prefix": "7.2009.5"
            },
            "working_dir": null
          },
          "sensitive_attributes": []
        }
      ]
    },
    {
      "mode": "data",
      "type": "ibm_is_instance_profile",
      "name": "instance_profile",
      "provider": "provider[\"registry.terraform.io/ibm-cloud/ibm\"]",
      "instances": [
        {
          "schema_version": 0,
          "attributes": {
            "architecture": "amd64",
            "architecture_type": "enum",
            "architecture_values": [
              "amd64"
            ],
            "bandwidth": [
              {
                "default": 0,
                "max": 0,
                "min": 0,
                "step": 0,
                "type": "fixed",
                "value": 8000,
                "values": []
              }
            ],
            "disks": [],
            "family": "compute",
            "href": "https://us-south.iaas.cloud.ibm.com/v1/instance/profiles/cx2-4x8",
            "id": "cx2-4x8",
            "memory": [
              {
                "default": 0,
                "max": 0,
                "min": 0,
                "step": 0,
                "type": "fixed",
                "value": 8,
                "values": []
              }
            ],
            "name": "cx2-4x8",
            "port_speed": [
              {
                "type": "fixed",
                "value": 16000
              }
            ],
            "vcpu_architecture": [
              {
                "default": "",
                "type": "fixed",
                "value": "amd64"
              }
            ],
            "vcpu_count": [
              {
                "default": 0,
                "max": 0,
                "min": 0,
                "step": 0,
                "type": "fixed",
                "value": 4,
                "values": []
              }
            ]
          },
          "sensitive_attributes": []
        }
      ]
    },
    {
      "mode": "data",
      "type": "ibm_is_region",
      "name": "vpc_region",
      "provider": "provider[\"registry.terraform.io/ibm-cloud/ibm\"]",
      "instances": [
        {
          "schema_version": 0,
          "attributes": {
            "endpoint": "https://us-south.iaas.cloud.ibm.com",
            "id": "us-south",
            "name": "us-south",
            "status": "available"
          },
          "sensitive_attributes": []
        }
      ]
    },
    {
      "mode": "data",
      "type": "ibm_is_ssh_key",
      "name": "ssh_key",
      "provider": "provider[\"registry.terraform.io/ibm-cloud/ibm\"]",
      "instances": [
        {
          "schema_version": 0,
          "attributes": {
            "fingerprint": "SHA256:9+StiKqCtfQ1Wt4kAey9gqi8ucsRuwc+pijwoE2IpY8",
            "id": "r006-6dacc1ca-2168-437b-ab73-6bc63c2a94d1",
            "length": 2048,
            "name": "jgruber",
            "public_key": "ssh-rsa AAAAB3NzaC1yc2EAAAADAQABAAABAQC9OJ+5GlA0AkOi7FNtRxabTvMGP20rAVnJSaV64GKqiu6EOhGm/wUyFrZ2vJxMwTp3KOeRqm7EmPTxIwh0zTlRoJhC+zqa+P6IAmLUq8oW99hzZ1nd3eAQ4nwPlfTDLbYTPOTB2ymc7hd5XRwXvnrl5P7KCI2RlItKDwufLYjO3gvWHNjqQIxPq8MwL7VYRcddfOqwJYbGPL+um9Kzhz4A/mgo++G65QnEsdcy6MV0Wp+l3rf9Z9TvrslMii45OTFkLtPzmqR0FSqTdC3kfP4jrepad2VLeeCml8KFYf6AYY8V5hhzFlI/SFdt0kaIpeULFEsMXKVYwcv6H2ZHS8Mp john.t.gruber@gmail.com",
            "resource_controller_url": "https://cloud.ibm.com/vpc/compute/sshKeys",
            "resource_crn": "crn:v1:bluemix:public:is:us-south:a/0b5a00334eaf9eb9339d2ab48f394755::key:r006-6dacc1ca-2168-437b-ab73-6bc63c2a94d1",
            "resource_group": null,
            "resource_group_name": "924c6495882d43179a0c79351e34b201",
            "resource_name": "jgruber",
            "type": "rsa"
          },
          "sensitive_attributes": []
        }
      ]
    },
    {
      "mode": "data",
      "type": "ibm_is_subnet",
      "name": "inside_subnet",
      "provider": "provider[\"registry.terraform.io/ibm-cloud/ibm\"]",
      "instances": [
        {
          "schema_version": 0,
          "attributes": {
            "access_tags": [],
            "available_ipv4_address_count": 250,
            "crn": "crn:v1:bluemix:public:is:us-south-1:a/0b5a00334eaf9eb9339d2ab48f394755::subnet:0717-d7c9cf2b-3dbc-4ceb-95f1-e66ae5671eb0",
            "id": "0717-d7c9cf2b-3dbc-4ceb-95f1-e66ae5671eb0",
            "identifier": "0717-d7c9cf2b-3dbc-4ceb-95f1-e66ae5671eb0",
            "ipv4_cidr_block": "10.240.2.0/24",
            "name": "test-harness-us-south-1-f5-internal",
            "network_acl": "r006-6ee0c56d-0f0e-469d-a3c6-d18fe4935d79",
            "public_gateway": "",
            "resource_controller_url": "https://cloud.ibm.com/vpc-ext/network/subnets",
            "resource_crn": "crn:v1:bluemix:public:is:us-south-1:a/0b5a00334eaf9eb9339d2ab48f394755::subnet:0717-d7c9cf2b-3dbc-4ceb-95f1-e66ae5671eb0",
            "resource_group": "924c6495882d43179a0c79351e34b201",
            "resource_group_name": "default",
            "resource_name": "test-harness-us-south-1-f5-internal",
            "resource_status": "available",
            "status": "available",
            "tags": [],
            "total_ipv4_address_count": 256,
            "vpc": "r006-1f3aba57-36d3-4483-b928-512b02e7c135",
            "vpc_name": "test-harness-us-south-1",
            "zone": "us-south-1"
          },
          "sensitive_attributes": []
        }
      ]
    },
    {
      "mode": "data",
      "type": "ibm_is_subnet",
      "name": "outside_subnet",
      "provider": "provider[\"registry.terraform.io/ibm-cloud/ibm\"]",
      "instances": [
        {
          "schema_version": 0,
          "attributes": {
            "access_tags": [],
            "available_ipv4_address_count": 250,
            "crn": "crn:v1:bluemix:public:is:us-south-1:a/0b5a00334eaf9eb9339d2ab48f394755::subnet:0717-5a2b5942-bfef-489a-824a-6b8bffe65a92",
            "id": "0717-5a2b5942-bfef-489a-824a-6b8bffe65a92",
            "identifier": "0717-5a2b5942-bfef-489a-824a-6b8bffe65a92",
            "ipv4_cidr_block": "10.240.0.0/24",
            "name": "test-harness-us-south-1-f5-external",
            "network_acl": "r006-6ee0c56d-0f0e-469d-a3c6-d18fe4935d79",
            "public_gateway": "",
            "resource_controller_url": "https://cloud.ibm.com/vpc-ext/network/subnets",
            "resource_crn": "crn:v1:bluemix:public:is:us-south-1:a/0b5a00334eaf9eb9339d2ab48f394755::subnet:0717-5a2b5942-bfef-489a-824a-6b8bffe65a92",
            "resource_group": "924c6495882d43179a0c79351e34b201",
            "resource_group_name": "default",
            "resource_name": "test-harness-us-south-1-f5-external",
            "resource_status": "available",
            "status": "available",
            "tags": [],
            "total_ipv4_address_count": 256,
            "vpc": "r006-1f3aba57-36d3-4483-b928-512b02e7c135",
            "vpc_name": "test-harness-us-south-1",
            "zone": "us-south-1"
          },
          "sensitive_attributes": []
        }
      ]
    },
    {
      "mode": "data",
      "type": "ibm_is_vpc",
      "name": "volterra_vpc",
      "provider": "provider[\"registry.terraform.io/ibm-cloud/ibm\"]",
      "instances": [
        {
          "schema_version": 0,
          "attributes": {
            "classic_access": false,
            "crn": "crn:v1:bluemix:public:is:us-south:a/0b5a00334eaf9eb9339d2ab48f394755::vpc:r006-1f3aba57-36d3-4483-b928-512b02e7c135",
            "cse_source_addresses": [
              {
                "address": "10.249.67.99",
                "zone_name": "us-south-1"
              },
              {
                "address": "10.249.202.212",
                "zone_name": "us-south-2"
              },
              {
                "address": "10.249.83.121",
                "zone_name": "us-south-3"
              }
            ],
            "default_network_acl": "r006-6ee0c56d-0f0e-469d-a3c6-d18fe4935d79",
            "default_network_acl_name": "evacuee-bee-collar-roping",
            "default_routing_table": "r006-10fece10-5be2-4bf1-b8d0-d10cc9add54b",
            "default_routing_table_name": "chowtime-seventh-footboard-limes-purebred-greeter",
            "default_security_group": "r006-7c8c8cc6-0efd-4c37-8ae3-67555964996d",
            "default_security_group_name": "glance-eatery-essay-landowner",
            "id": "r006-1f3aba57-36d3-4483-b928-512b02e7c135",
            "name": "test-harness-us-south-1",
            "resource_controller_url": "https://cloud.ibm.com/vpc-ext/network/vpcs",
            "resource_crn": "crn:v1:bluemix:public:is:us-south:a/0b5a00334eaf9eb9339d2ab48f394755::vpc:r006-1f3aba57-36d3-4483-b928-512b02e7c135",
            "resource_group": "924c6495882d43179a0c79351e34b201",
            "resource_group_name": "default",
            "resource_name": "test-harness-us-south-1",
            "resource_status": "available",
            "security_group": [
              {
                "group_id": "r006-27d32e41-56ae-484e-b756-673a735ca575",
                "group_name": "sg-7da6dcca-dc49-a3e6-8573-4094cad3b569",
                "rules": [
                  {
                    "code": 0,
                    "direction": "inbound",
                    "ip_version": "ipv4",
                    "port_max": 0,
                    "port_min": 0,
                    "protocol": "all",
                    "remote": "0.0.0.0/0",
                    "rule_id": "r006-33bc253c-7e68-4412-889c-a2b0e37a7115",
                    "type": 0
                  },
                  {
                    "code": 0,
                    "direction": "outbound",
                    "ip_version": "ipv4",
                    "port_max": 0,
                    "port_min": 0,
                    "protocol": "all",
                    "remote": "0.0.0.0/0",
                    "rule_id": "r006-465b1de9-ddc4-49f8-865a-3b26d110379f",
                    "type": 0
                  }
                ]
              },
              {
                "group_id": "r006-7c8c8cc6-0efd-4c37-8ae3-67555964996d",
                "group_name": "glance-eatery-essay-landowner",
                "rules": [
                  {
                    "code": 0,
                    "direction": "outbound",
                    "ip_version": "ipv4",
                    "port_max": 0,
                    "port_min": 0,
                    "protocol": "all",
                    "remote": "0.0.0.0/0",
                    "rule_id": "r006-3ddc9a49-058b-458b-abcf-f8b981981d25",
                    "type": 0
                  },
                  {
                    "code": 0,
                    "direction": "inbound",
                    "ip_version": "ipv4",
                    "port_max": 0,
                    "port_min": 0,
                    "protocol": "all",
                    "remote": "r006-7c8c8cc6-0efd-4c37-8ae3-67555964996d",
                    "rule_id": "r006-1818c27d-58e2-4a39-89b8-99c7de5f68d8",
                    "type": 0
                  },
                  {
                    "code": 0,
                    "direction": "inbound",
                    "ip_version": "ipv4",
                    "port_max": 0,
                    "port_min": 0,
                    "protocol": "all",
                    "remote": "0.0.0.0/0",
                    "rule_id": "r006-38e3fc2d-6dd4-4b4f-9ad2-15fca2a8c296",
                    "type": 0
                  }
                ]
              },
              {
                "group_id": "r006-f02efa8f-4270-4222-ba98-1947dbc66c4a",
                "group_name": "sg-2a25704a-4f7f-8d72-db4c-f9afe50da2a5",
                "rules": [
                  {
                    "code": 0,
                    "direction": "inbound",
                    "ip_version": "ipv4",
                    "port_max": 0,
                    "port_min": 0,
                    "protocol": "all",
                    "remote": "0.0.0.0/0",
                    "rule_id": "r006-65b1bfed-03cc-4db9-891a-534467113d5b",
                    "type": 0
                  },
                  {
                    "code": 0,
                    "direction": "outbound",
                    "ip_version": "ipv4",
                    "port_max": 0,
                    "port_min": 0,
                    "protocol": "all",
                    "remote": "0.0.0.0/0",
                    "rule_id": "r006-e26f2010-43ff-46ef-ba8b-6fbfb1e08466",
                    "type": 0
                  }
                ]
              }
            ],
            "status": "available",
            "subnets": [
              {
                "available_ipv4_address_count": 251,
                "id": "0717-5723131b-ca3a-4ce7-8554-4a6c9de0bedb",
                "name": "test-harness-us-south-1-f5-cluster",
                "status": "available",
                "total_ipv4_address_count": 256,
                "zone": "us-south-1"
              },
              {
                "available_ipv4_address_count": 250,
                "id": "0717-5a2b5942-bfef-489a-824a-6b8bffe65a92",
                "name": "test-harness-us-south-1-f5-external",
                "status": "available",
                "total_ipv4_address_count": 256,
                "zone": "us-south-1"
              },
              {
                "available_ipv4_address_count": 251,
                "id": "0717-5e4ef2bc-7668-4976-a834-7ddb46782bcc",
                "name": "test-harness-us-south-1-f5-management",
                "status": "available",
                "total_ipv4_address_count": 256,
                "zone": "us-south-1"
              },
              {
                "available_ipv4_address_count": 250,
                "id": "0717-d7c9cf2b-3dbc-4ceb-95f1-e66ae5671eb0",
                "name": "test-harness-us-south-1-f5-internal",
                "status": "available",
                "total_ipv4_address_count": 256,
                "zone": "us-south-1"
              }
            ],
            "tags": []
          },
          "sensitive_attributes": []
        }
      ]
    },
    {
      "mode": "data",
      "type": "ibm_resource_group",
      "name": "group",
      "provider": "provider[\"registry.terraform.io/ibm-cloud/ibm\"]",
      "instances": [
        {
          "schema_version": 0,
          "attributes": {
            "account_id": "0b5a00334eaf9eb9339d2ab48f394755",
            "created_at": "2017-09-17T08:55:41.994Z",
            "crn": "crn:v1:bluemix:public:resource-controller::a/0b5a00334eaf9eb9339d2ab48f394755::resource-group:924c6495882d43179a0c79351e34b201",
            "id": "924c6495882d43179a0c79351e34b201",
            "is_default": true,
            "name": "default",
            "payment_methods_url": "/v2/resource_groups/924c6495882d43179a0c79351e34b201/payment_methods",
            "quota_id": "a3d7b8d01e261c24677937c29ab33f3c",
            "quota_url": "/v2/quota_definitions/a3d7b8d01e261c24677937c29ab33f3c",
            "resource_linkages": [],
            "state": "ACTIVE",
            "teams_url": "/v2/resource_groups/924c6495882d43179a0c79351e34b201/teams",
            "updated_at": "2021-05-15T15:32:35.586Z"
          },
          "sensitive_attributes": []
        }
      ]
    },
    {
      "mode": "data",
      "type": "local_file",
      "name": "site_token",
      "provider": "provider[\"registry.terraform.io/hashicorp/local\"]",
      "instances": [
        {
          "index_key": 0,
          "schema_version": 0,
          "attributes": {
            "content": "0c1948f3-5aa6-4c1c-86d4-70c2f926f0c5",
            "content_base64": "MGMxOTQ4ZjMtNWFhNi00YzFjLTg2ZDQtNzBjMmY5MjZmMGM1",
            "filename": "./ibm-tf-test-us-south-1_site_token.txt",
            "id": "59129bc325c715c093a9e454306bfeaebbb6eb54"
          },
          "sensitive_attributes": []
        }
      ]
    },
    {
      "mode": "data",
      "type": "template_file",
      "name": "user_data",
      "provider": "provider[\"registry.terraform.io/hashicorp/template\"]",
      "instances": [
        {
          "index_key": 0,
          "schema_version": 0,
          "attributes": {
            "filename": null,
            "id": "1ea53d7a461f32e72317346c60dd39cd02a27249987423263eba4157c9a6ac31",
            "rendered": "#cloud-config\nchpasswd:\n  expire: false\n  list: |\n    admin:NF_hDDkNrvOVpXtD\nwrite_files:\n- path: /etc/vpm/basic-auth.json\n  permissions: '0644'\n  content: |\n    [{\"username\": \"admin\", \"password\": \"NF_hDDkNrvOVpXtD\"}]\n- path: /etc/vpm/config.yaml\n  permissions: '0644'\n  content: |\n    Kubernetes:\n      EtcdUseTLS: True\n      Server: vip\n    Vpm:\n      ClusterName: ibm-tf-test-us-south-1\n      CertifiedHardware: kvm-multi-nic-voltstack-combo\n      ClusterType: ce\n      Config: /etc/vpm/config.yaml\n      PrivateNIC: eth0\n      InsideNIC: eth1\n      Latitude: 32.7924\n      Longitude: -96.8147\n      MauriceEndpoint: https://register.ves.volterra.io\n      MauricePrivateEndpoint: https://register-tls.ves.volterra.io\n      Token: 0c1948f3-5aa6-4c1c-86d4-70c2f926f0c5\n      Labels:\n        provider: IBM\n        region: us-south\n        hw-model: cx2-4x8\n        hw-vendor: ibm-vpc-gen2\n        ves.io/fleet: ibm-tf-test-us-south-1-fleet\nbootcmd:\n  - /usr/bin/touch /etc/vpm/passwdchanged",
            "template": "#cloud-config\nchpasswd:\n  expire: false\n  list: |\n    admin:${admin_password}\nwrite_files:\n- path: /etc/vpm/basic-auth.json\n  permissions: '0644'\n  content: |\n    [{\"username\": \"admin\", \"password\": \"${admin_password}\"}]\n- path: /etc/vpm/config.yaml\n  permissions: '0644'\n  content: |\n    Kubernetes:\n      EtcdUseTLS: True\n      Server: vip\n    Vpm:\n      ClusterName: ${cluster_name}\n      CertifiedHardware: ${certified_hardware}\n      ClusterType: ce\n      Config: /etc/vpm/config.yaml\n      PrivateNIC: eth0\n      InsideNIC: ${inside_nic}\n      Latitude: ${latitude}\n      Longitude: ${longitude}\n      MauriceEndpoint: https://register.ves.volterra.io\n      MauricePrivateEndpoint: https://register-tls.ves.volterra.io\n      Token: ${site_token}\n      Labels:\n        provider: IBM\n        region: ${region}\n        hw-model: ${profile}\n        hw-vendor: ibm-vpc-gen2\n        ves.io/fleet: ${fleet_label}\nbootcmd:\n  - /usr/bin/touch /etc/vpm/passwdchanged",
            "vars": {
              "admin_password": "NF_hDDkNrvOVpXtD",
              "certified_hardware": "kvm-multi-nic-voltstack-combo",
              "cluster_name": "ibm-tf-test-us-south-1",
              "fleet_label": "ibm-tf-test-us-south-1-fleet",
              "inside_nic": "eth1",
              "latitude": "32.7924",
              "longitude": "-96.8147",
              "profile": "cx2-4x8",
              "region": "us-south",
              "site_token": "0c1948f3-5aa6-4c1c-86d4-70c2f926f0c5"
            }
          },
          "sensitive_attributes": [
            [
              {
                "type": "get_attr",
                "value": "vars"
              },
              {
                "type": "index",
                "value": {
                  "value": "admin_password",
                  "type": "string"
                }
              }
            ]
          ]
        }
      ]
    },
    {
      "mode": "managed",
      "type": "ibm_is_floating_ip",
      "name": "external_floating_ip",
      "provider": "provider[\"registry.terraform.io/ibm-cloud/ibm\"]",
      "instances": [
        {
          "index_key": 0,
          "schema_version": 0,
          "attributes": {
            "address": "52.116.134.48",
            "id": "r006-61d3d95e-3b3a-4947-9f58-167068cb91dd",
            "name": "fip-ibm-tf-test-us-south-1-vce-0",
            "resource_controller_url": "https://cloud.ibm.com/vpc-ext/network/floatingIPs",
            "resource_crn": "crn:v1:bluemix:public:is:us-south-1:a/0b5a00334eaf9eb9339d2ab48f394755::floating-ip:r006-61d3d95e-3b3a-4947-9f58-167068cb91dd",
            "resource_group": "924c6495882d43179a0c79351e34b201",
            "resource_group_name": "default",
            "resource_name": "fip-ibm-tf-test-us-south-1-vce-0",
            "resource_status": "available",
            "status": "available",
            "tags": [],
            "target": "0717-5a324373-ceaa-4435-af38-0470d33bbf58",
            "timeouts": null,
            "zone": "us-south-1"
          },
          "sensitive_attributes": [],
          "private": "eyJlMmJmYjczMC1lY2FhLTExZTYtOGY4OC0zNDM2M2JjN2M0YzAiOnsiY3JlYXRlIjo2MDAwMDAwMDAwMDAsImRlbGV0ZSI6NjAwMDAwMDAwMDAwfX0=",
          "dependencies": [
            "data.external.volterra_public_image",
            "data.ibm_is_instance_profile.instance_profile",
            "data.ibm_is_ssh_key.ssh_key",
            "data.ibm_is_subnet.inside_subnet",
            "data.ibm_is_subnet.outside_subnet",
            "data.ibm_is_vpc.volterra_vpc",
            "data.ibm_resource_group.group",
            "data.local_file.site_token",
            "data.template_file.user_data",
            "ibm_is_instance.ce_instance",
            "null_resource.site",
            "random_password.admin_password"
          ]
        },
        {
          "index_key": 1,
          "schema_version": 0,
          "attributes": {
            "address": "52.116.139.160",
            "id": "r006-486b754c-0ad6-461f-bfde-0dc4de547302",
            "name": "fip-ibm-tf-test-us-south-1-vce-1",
            "resource_controller_url": "https://cloud.ibm.com/vpc-ext/network/floatingIPs",
            "resource_crn": "crn:v1:bluemix:public:is:us-south-1:a/0b5a00334eaf9eb9339d2ab48f394755::floating-ip:r006-486b754c-0ad6-461f-bfde-0dc4de547302",
            "resource_group": "924c6495882d43179a0c79351e34b201",
            "resource_group_name": "default",
            "resource_name": "fip-ibm-tf-test-us-south-1-vce-1",
            "resource_status": "available",
            "status": "available",
            "tags": [],
            "target": "0717-05fb5a1a-03a7-4a6d-9e81-37ea384b3f1b",
            "timeouts": null,
            "zone": "us-south-1"
          },
          "sensitive_attributes": [],
          "private": "eyJlMmJmYjczMC1lY2FhLTExZTYtOGY4OC0zNDM2M2JjN2M0YzAiOnsiY3JlYXRlIjo2MDAwMDAwMDAwMDAsImRlbGV0ZSI6NjAwMDAwMDAwMDAwfX0=",
          "dependencies": [
            "data.external.volterra_public_image",
            "data.ibm_is_instance_profile.instance_profile",
            "data.ibm_is_ssh_key.ssh_key",
            "data.ibm_is_subnet.inside_subnet",
            "data.ibm_is_subnet.outside_subnet",
            "data.ibm_is_vpc.volterra_vpc",
            "data.ibm_resource_group.group",
            "data.local_file.site_token",
            "data.template_file.user_data",
            "ibm_is_instance.ce_instance",
            "null_resource.site",
            "random_password.admin_password"
          ]
        },
        {
          "index_key": 2,
          "schema_version": 0,
          "attributes": {
            "address": "52.116.134.72",
            "id": "r006-d6597028-a4c8-4310-8775-3762b6a27c5e",
            "name": "fip-ibm-tf-test-us-south-1-vce-2",
            "resource_controller_url": "https://cloud.ibm.com/vpc-ext/network/floatingIPs",
            "resource_crn": "crn:v1:bluemix:public:is:us-south-1:a/0b5a00334eaf9eb9339d2ab48f394755::floating-ip:r006-d6597028-a4c8-4310-8775-3762b6a27c5e",
            "resource_group": "924c6495882d43179a0c79351e34b201",
            "resource_group_name": "default",
            "resource_name": "fip-ibm-tf-test-us-south-1-vce-2",
            "resource_status": "available",
            "status": "available",
            "tags": [],
            "target": "0717-f842e873-1309-4606-b849-e5c59cf335c4",
            "timeouts": null,
            "zone": "us-south-1"
          },
          "sensitive_attributes": [],
          "private": "eyJlMmJmYjczMC1lY2FhLTExZTYtOGY4OC0zNDM2M2JjN2M0YzAiOnsiY3JlYXRlIjo2MDAwMDAwMDAwMDAsImRlbGV0ZSI6NjAwMDAwMDAwMDAwfX0=",
          "dependencies": [
            "data.external.volterra_public_image",
            "data.ibm_is_instance_profile.instance_profile",
            "data.ibm_is_ssh_key.ssh_key",
            "data.ibm_is_subnet.inside_subnet",
            "data.ibm_is_subnet.outside_subnet",
            "data.ibm_is_vpc.volterra_vpc",
            "data.ibm_resource_group.group",
            "data.local_file.site_token",
            "data.template_file.user_data",
            "ibm_is_instance.ce_instance",
            "null_resource.site",
            "random_password.admin_password"
          ]
        }
      ]
    },
    {
      "mode": "managed",
      "type": "ibm_is_instance",
      "name": "ce_instance",
      "provider": "provider[\"registry.terraform.io/ibm-cloud/ibm\"]",
      "instances": [
        {
          "index_key": 0,
          "schema_version": 0,
          "attributes": {
            "auto_delete_volume": null,
            "boot_volume": [
              {
                "encryption": "",
                "iops": 3000,
                "name": "revivable-spouse-shirt-swung",
                "profile": "general-purpose",
                "size": 20,
                "snapshot": ""
              }
            ],
            "dedicated_host": null,
            "dedicated_host_group": null,
            "disks": [],
            "force_recovery_time": null,
            "gpu": [],
            "id": "0717_eb9ce66a-976b-468d-a2b1-c65aa23c7dc8",
            "image": "r006-acf9d59b-b07d-49f5-a94f-6cecb9a812da",
            "instance_template": null,
            "keys": [
              "r006-6dacc1ca-2168-437b-ab73-6bc63c2a94d1"
            ],
            "memory": 8,
            "name": "ibm-tf-test-us-south-1-vce-0",
            "network_interfaces": [
              {
                "allow_ip_spoofing": true,
                "id": "0717-999aaef3-1f5b-4d2a-a551-135a4b52af8d",
                "name": "inside",
                "primary_ipv4_address": "10.240.2.12",
                "security_groups": [
                  "r006-7c8c8cc6-0efd-4c37-8ae3-67555964996d"
                ],
                "subnet": "0717-d7c9cf2b-3dbc-4ceb-95f1-e66ae5671eb0"
              }
            ],
            "primary_network_interface": [
              {
                "allow_ip_spoofing": true,
                "id": "0717-5a324373-ceaa-4435-af38-0470d33bbf58",
                "name": "outside",
                "port_speed": 0,
                "primary_ipv4_address": "10.240.0.12",
                "security_groups": [
                  "r006-7c8c8cc6-0efd-4c37-8ae3-67555964996d"
                ],
                "subnet": "0717-5a2b5942-bfef-489a-824a-6b8bffe65a92"
              }
            ],
            "profile": "cx2-4x8",
            "resource_controller_url": "https://cloud.ibm.com/vpc-ext/compute/vs",
            "resource_crn": "crn:v1:bluemix:public:is:us-south-1:a/0b5a00334eaf9eb9339d2ab48f394755::instance:0717_eb9ce66a-976b-468d-a2b1-c65aa23c7dc8",
            "resource_group": "924c6495882d43179a0c79351e34b201",
            "resource_group_name": "default",
            "resource_name": "ibm-tf-test-us-south-1-vce-0",
            "resource_status": "running",
            "status": "running",
            "status_reasons": [],
            "tags": [],
            "timeouts": {
              "create": "60m",
              "delete": "120m",
              "update": null
            },
            "user_data": "#cloud-config\nchpasswd:\n  expire: false\n  list: |\n    admin:NF_hDDkNrvOVpXtD\nwrite_files:\n- path: /etc/vpm/basic-auth.json\n  permissions: '0644'\n  content: |\n    [{\"username\": \"admin\", \"password\": \"NF_hDDkNrvOVpXtD\"}]\n- path: /etc/vpm/config.yaml\n  permissions: '0644'\n  content: |\n    Kubernetes:\n      EtcdUseTLS: True\n      Server: vip\n    Vpm:\n      ClusterName: ibm-tf-test-us-south-1\n      CertifiedHardware: kvm-multi-nic-voltstack-combo\n      ClusterType: ce\n      Config: /etc/vpm/config.yaml\n      PrivateNIC: eth0\n      InsideNIC: eth1\n      Latitude: 32.7924\n      Longitude: -96.8147\n      MauriceEndpoint: https://register.ves.volterra.io\n      MauricePrivateEndpoint: https://register-tls.ves.volterra.io\n      Token: 0c1948f3-5aa6-4c1c-86d4-70c2f926f0c5\n      Labels:\n        provider: IBM\n        region: us-south\n        hw-model: cx2-4x8\n        hw-vendor: ibm-vpc-gen2\n        ves.io/fleet: ibm-tf-test-us-south-1-fleet\nbootcmd:\n  - /usr/bin/touch /etc/vpm/passwdchanged",
            "vcpu": [
              {
                "architecture": "amd64",
                "count": 4
              }
            ],
            "volume_attachments": [
              {
                "id": "0717-a2c3d8b7-c67d-4c1e-adbe-a69a45490eb2",
                "name": "pessimism-unmarked-parchment-vintage",
                "volume_crn": "crn:v1:bluemix:public:is:us-south-1:a/0b5a00334eaf9eb9339d2ab48f394755::volume:r006-21949707-0ff1-4b65-8721-545557ac959a",
                "volume_id": "r006-21949707-0ff1-4b65-8721-545557ac959a",
                "volume_name": "revivable-spouse-shirt-swung"
              }
            ],
            "volumes": null,
            "vpc": "r006-1f3aba57-36d3-4483-b928-512b02e7c135",
            "wait_before_delete": true,
            "zone": "us-south-1"
          },
          "sensitive_attributes": [],
          "private": "eyJlMmJmYjczMC1lY2FhLTExZTYtOGY4OC0zNDM2M2JjN2M0YzAiOnsiY3JlYXRlIjozNjAwMDAwMDAwMDAwLCJkZWxldGUiOjcyMDAwMDAwMDAwMDAsInVwZGF0ZSI6MTgwMDAwMDAwMDAwMH19",
          "dependencies": [
            "data.external.volterra_public_image",
            "data.ibm_is_instance_profile.instance_profile",
            "data.ibm_is_ssh_key.ssh_key",
            "data.ibm_is_subnet.inside_subnet",
            "data.ibm_is_subnet.outside_subnet",
            "data.ibm_is_vpc.volterra_vpc",
            "data.ibm_resource_group.group",
            "data.local_file.site_token",
            "data.template_file.user_data",
            "null_resource.site",
            "random_password.admin_password"
          ]
        },
        {
          "index_key": 1,
          "schema_version": 0,
          "attributes": {
            "auto_delete_volume": null,
            "boot_volume": [
              {
                "encryption": "",
                "iops": 3000,
                "name": "tidings-gambling-embassy-childless",
                "profile": "general-purpose",
                "size": 20,
                "snapshot": ""
              }
            ],
            "dedicated_host": null,
            "dedicated_host_group": null,
            "disks": [],
            "force_recovery_time": null,
            "gpu": [],
            "id": "0717_898e951d-30e9-47a9-94c5-8db3a057f67a",
            "image": "r006-acf9d59b-b07d-49f5-a94f-6cecb9a812da",
            "instance_template": null,
            "keys": [
              "r006-6dacc1ca-2168-437b-ab73-6bc63c2a94d1"
            ],
            "memory": 8,
            "name": "ibm-tf-test-us-south-1-vce-1",
            "network_interfaces": [
              {
                "allow_ip_spoofing": true,
                "id": "0717-5da47582-bd53-48e8-af8f-58a942bad00e",
                "name": "inside",
                "primary_ipv4_address": "10.240.2.13",
                "security_groups": [
                  "r006-7c8c8cc6-0efd-4c37-8ae3-67555964996d"
                ],
                "subnet": "0717-d7c9cf2b-3dbc-4ceb-95f1-e66ae5671eb0"
              }
            ],
            "primary_network_interface": [
              {
                "allow_ip_spoofing": true,
                "id": "0717-05fb5a1a-03a7-4a6d-9e81-37ea384b3f1b",
                "name": "outside",
                "port_speed": 0,
                "primary_ipv4_address": "10.240.0.13",
                "security_groups": [
                  "r006-7c8c8cc6-0efd-4c37-8ae3-67555964996d"
                ],
                "subnet": "0717-5a2b5942-bfef-489a-824a-6b8bffe65a92"
              }
            ],
            "profile": "cx2-4x8",
            "resource_controller_url": "https://cloud.ibm.com/vpc-ext/compute/vs",
            "resource_crn": "crn:v1:bluemix:public:is:us-south-1:a/0b5a00334eaf9eb9339d2ab48f394755::instance:0717_898e951d-30e9-47a9-94c5-8db3a057f67a",
            "resource_group": "924c6495882d43179a0c79351e34b201",
            "resource_group_name": "default",
            "resource_name": "ibm-tf-test-us-south-1-vce-1",
            "resource_status": "running",
            "status": "running",
            "status_reasons": [],
            "tags": [],
            "timeouts": {
              "create": "60m",
              "delete": "120m",
              "update": null
            },
            "user_data": "#cloud-config\nchpasswd:\n  expire: false\n  list: |\n    admin:NF_hDDkNrvOVpXtD\nwrite_files:\n- path: /etc/vpm/basic-auth.json\n  permissions: '0644'\n  content: |\n    [{\"username\": \"admin\", \"password\": \"NF_hDDkNrvOVpXtD\"}]\n- path: /etc/vpm/config.yaml\n  permissions: '0644'\n  content: |\n    Kubernetes:\n      EtcdUseTLS: True\n      Server: vip\n    Vpm:\n      ClusterName: ibm-tf-test-us-south-1\n      CertifiedHardware: kvm-multi-nic-voltstack-combo\n      ClusterType: ce\n      Config: /etc/vpm/config.yaml\n      PrivateNIC: eth0\n      InsideNIC: eth1\n      Latitude: 32.7924\n      Longitude: -96.8147\n      MauriceEndpoint: https://register.ves.volterra.io\n      MauricePrivateEndpoint: https://register-tls.ves.volterra.io\n      Token: 0c1948f3-5aa6-4c1c-86d4-70c2f926f0c5\n      Labels:\n        provider: IBM\n        region: us-south\n        hw-model: cx2-4x8\n        hw-vendor: ibm-vpc-gen2\n        ves.io/fleet: ibm-tf-test-us-south-1-fleet\nbootcmd:\n  - /usr/bin/touch /etc/vpm/passwdchanged",
            "vcpu": [
              {
                "architecture": "amd64",
                "count": 4
              }
            ],
            "volume_attachments": [
              {
                "id": "0717-3191a5d0-d30b-4cac-a249-4a1ea41b3a7c",
                "name": "porous-overkeen-gibberish-domain",
                "volume_crn": "crn:v1:bluemix:public:is:us-south-1:a/0b5a00334eaf9eb9339d2ab48f394755::volume:r006-182b55bf-60d5-4bb8-9fc8-35f4bf8dc67b",
                "volume_id": "r006-182b55bf-60d5-4bb8-9fc8-35f4bf8dc67b",
                "volume_name": "tidings-gambling-embassy-childless"
              }
            ],
            "volumes": null,
            "vpc": "r006-1f3aba57-36d3-4483-b928-512b02e7c135",
            "wait_before_delete": true,
            "zone": "us-south-1"
          },
          "sensitive_attributes": [],
          "private": "eyJlMmJmYjczMC1lY2FhLTExZTYtOGY4OC0zNDM2M2JjN2M0YzAiOnsiY3JlYXRlIjozNjAwMDAwMDAwMDAwLCJkZWxldGUiOjcyMDAwMDAwMDAwMDAsInVwZGF0ZSI6MTgwMDAwMDAwMDAwMH19",
          "dependencies": [
            "data.external.volterra_public_image",
            "data.ibm_is_instance_profile.instance_profile",
            "data.ibm_is_ssh_key.ssh_key",
            "data.ibm_is_subnet.inside_subnet",
            "data.ibm_is_subnet.outside_subnet",
            "data.ibm_is_vpc.volterra_vpc",
            "data.ibm_resource_group.group",
            "data.local_file.site_token",
            "data.template_file.user_data",
            "null_resource.site",
            "random_password.admin_password"
          ]
        },
        {
          "index_key": 2,
          "schema_version": 0,
          "attributes": {
            "auto_delete_volume": null,
            "boot_volume": [
              {
                "encryption": "",
                "iops": 3000,
                "name": "subject-spiritism-wrath-tucking",
                "profile": "general-purpose",
                "size": 20,
                "snapshot": ""
              }
            ],
            "dedicated_host": null,
            "dedicated_host_group": null,
            "disks": [],
            "force_recovery_time": null,
            "gpu": [],
            "id": "0717_e3633b33-510f-4505-bb54-556a4b3cbb33",
            "image": "r006-acf9d59b-b07d-49f5-a94f-6cecb9a812da",
            "instance_template": null,
            "keys": [
              "r006-6dacc1ca-2168-437b-ab73-6bc63c2a94d1"
            ],
            "memory": 8,
            "name": "ibm-tf-test-us-south-1-vce-2",
            "network_interfaces": [
              {
                "allow_ip_spoofing": true,
                "id": "0717-84369a50-7122-48a2-8f6e-a1a463a2d1b8",
                "name": "inside",
                "primary_ipv4_address": "10.240.2.11",
                "security_groups": [
                  "r006-7c8c8cc6-0efd-4c37-8ae3-67555964996d"
                ],
                "subnet": "0717-d7c9cf2b-3dbc-4ceb-95f1-e66ae5671eb0"
              }
            ],
            "primary_network_interface": [
              {
                "allow_ip_spoofing": true,
                "id": "0717-f842e873-1309-4606-b849-e5c59cf335c4",
                "name": "outside",
                "port_speed": 0,
                "primary_ipv4_address": "10.240.0.11",
                "security_groups": [
                  "r006-7c8c8cc6-0efd-4c37-8ae3-67555964996d"
                ],
                "subnet": "0717-5a2b5942-bfef-489a-824a-6b8bffe65a92"
              }
            ],
            "profile": "cx2-4x8",
            "resource_controller_url": "https://cloud.ibm.com/vpc-ext/compute/vs",
            "resource_crn": "crn:v1:bluemix:public:is:us-south-1:a/0b5a00334eaf9eb9339d2ab48f394755::instance:0717_e3633b33-510f-4505-bb54-556a4b3cbb33",
            "resource_group": "924c6495882d43179a0c79351e34b201",
            "resource_group_name": "default",
            "resource_name": "ibm-tf-test-us-south-1-vce-2",
            "resource_status": "running",
            "status": "running",
            "status_reasons": [],
            "tags": [],
            "timeouts": {
              "create": "60m",
              "delete": "120m",
              "update": null
            },
            "user_data": "#cloud-config\nchpasswd:\n  expire: false\n  list: |\n    admin:NF_hDDkNrvOVpXtD\nwrite_files:\n- path: /etc/vpm/basic-auth.json\n  permissions: '0644'\n  content: |\n    [{\"username\": \"admin\", \"password\": \"NF_hDDkNrvOVpXtD\"}]\n- path: /etc/vpm/config.yaml\n  permissions: '0644'\n  content: |\n    Kubernetes:\n      EtcdUseTLS: True\n      Server: vip\n    Vpm:\n      ClusterName: ibm-tf-test-us-south-1\n      CertifiedHardware: kvm-multi-nic-voltstack-combo\n      ClusterType: ce\n      Config: /etc/vpm/config.yaml\n      PrivateNIC: eth0\n      InsideNIC: eth1\n      Latitude: 32.7924\n      Longitude: -96.8147\n      MauriceEndpoint: https://register.ves.volterra.io\n      MauricePrivateEndpoint: https://register-tls.ves.volterra.io\n      Token: 0c1948f3-5aa6-4c1c-86d4-70c2f926f0c5\n      Labels:\n        provider: IBM\n        region: us-south\n        hw-model: cx2-4x8\n        hw-vendor: ibm-vpc-gen2\n        ves.io/fleet: ibm-tf-test-us-south-1-fleet\nbootcmd:\n  - /usr/bin/touch /etc/vpm/passwdchanged",
            "vcpu": [
              {
                "architecture": "amd64",
                "count": 4
              }
            ],
            "volume_attachments": [
              {
                "id": "0717-ad87f5f5-dfe3-4cec-9e5a-abe548a30321",
                "name": "chip-deepen-manky-plug",
                "volume_crn": "crn:v1:bluemix:public:is:us-south-1:a/0b5a00334eaf9eb9339d2ab48f394755::volume:r006-e78ec25c-bc0f-4152-bf94-5433ed0d35cc",
                "volume_id": "r006-e78ec25c-bc0f-4152-bf94-5433ed0d35cc",
                "volume_name": "subject-spiritism-wrath-tucking"
              }
            ],
            "volumes": null,
            "vpc": "r006-1f3aba57-36d3-4483-b928-512b02e7c135",
            "wait_before_delete": true,
            "zone": "us-south-1"
          },
          "sensitive_attributes": [],
          "private": "eyJlMmJmYjczMC1lY2FhLTExZTYtOGY4OC0zNDM2M2JjN2M0YzAiOnsiY3JlYXRlIjozNjAwMDAwMDAwMDAwLCJkZWxldGUiOjcyMDAwMDAwMDAwMDAsInVwZGF0ZSI6MTgwMDAwMDAwMDAwMH19",
          "dependencies": [
            "data.external.volterra_public_image",
            "data.ibm_is_instance_profile.instance_profile",
            "data.ibm_is_ssh_key.ssh_key",
            "data.ibm_is_subnet.inside_subnet",
            "data.ibm_is_subnet.outside_subnet",
            "data.ibm_is_vpc.volterra_vpc",
            "data.ibm_resource_group.group",
            "data.local_file.site_token",
            "data.template_file.user_data",
            "null_resource.site",
            "random_password.admin_password"
          ]
        }
      ]
    },
    {
      "mode": "managed",
      "type": "local_file",
      "name": "complete_flag",
      "provider": "provider[\"registry.terraform.io/hashicorp/local\"]",
      "instances": [
        {
          "schema_version": 0,
          "attributes": {
            "content": "bb444dbb-3faf-45a3-8aea-91ce873211fc",
            "content_base64": null,
            "directory_permission": "0777",
            "file_permission": "0777",
            "filename": "./complete.flag",
            "id": "1a40e7b75ae3bfd009da67075ed03e853420ae60",
            "sensitive_content": null,
            "source": null
          },
          "sensitive_attributes": [],
          "private": "bnVsbA==",
          "dependencies": [
            "data.external.volterra_public_image",
            "data.ibm_is_instance_profile.instance_profile",
            "data.ibm_is_ssh_key.ssh_key",
            "data.ibm_is_subnet.inside_subnet",
            "data.ibm_is_subnet.outside_subnet",
            "data.ibm_is_vpc.volterra_vpc",
            "data.ibm_resource_group.group",
            "data.local_file.site_token",
            "data.template_file.user_data",
            "ibm_is_floating_ip.external_floating_ip",
            "ibm_is_instance.ce_instance",
            "null_resource.site",
            "null_resource.site_registration",
            "random_password.admin_password"
          ]
        }
      ]
    },
    {
      "mode": "managed",
      "type": "null_resource",
      "name": "site",
      "provider": "provider[\"registry.terraform.io/hashicorp/null\"]",
      "instances": [
        {
          "index_key": 0,
          "schema_version": 0,
          "attributes": {
            "id": "3303786366973284292",
            "triggers": {
              "ca_cert_encoded": "",
              "cluster_size": "3",
              "consul_servers": "[]",
              "fleet_label": "ibm-tf-test-us-south-1-fleet",
              "inside_gateway": "10.240.2.1",
              "inside_networks": "[]",
              "latitude": "32.7924",
              "longitude": "-96.8147",
              "site_name": "ibm-tf-test-us-south-1",
              "tenant": "f5-dataai",
              "timestamp": "2021-10-07T13:12:42Z",
              "token": "pLyEndZA3NlfWj+sfGLdfNKmoHg=",
              "voltstack": "false"
            }
          },
          "sensitive_attributes": [],
          "private": "bnVsbA==",
          "dependencies": [
            "data.ibm_is_subnet.inside_subnet"
          ]
        }
      ]
    },
    {
      "mode": "managed",
      "type": "null_resource",
      "name": "site_registration",
      "provider": "provider[\"registry.terraform.io/hashicorp/null\"]",
      "instances": [
        {
          "index_key": 0,
          "schema_version": 0,
          "attributes": {
            "id": "7687801678839962263",
            "triggers": {
              "allow_ipsec_tunnels": "true",
              "allow_ssl_tunnels": "false",
              "site": "ibm-tf-test-us-south-1",
              "size": "3",
              "tenant": "f5-dataai",
              "token": "pLyEndZA3NlfWj+sfGLdfNKmoHg=",
              "voltstack": "false"
            }
          },
          "sensitive_attributes": [],
          "private": "bnVsbA==",
          "dependencies": [
            "data.external.volterra_public_image",
            "data.ibm_is_instance_profile.instance_profile",
            "data.ibm_is_ssh_key.ssh_key",
            "data.ibm_is_subnet.inside_subnet",
            "data.ibm_is_subnet.outside_subnet",
            "data.ibm_is_vpc.volterra_vpc",
            "data.ibm_resource_group.group",
            "data.local_file.site_token",
            "data.template_file.user_data",
            "ibm_is_floating_ip.external_floating_ip",
            "ibm_is_instance.ce_instance",
            "null_resource.site",
            "random_password.admin_password"
          ]
        }
      ]
    },
    {
      "mode": "managed",
      "type": "random_password",
      "name": "admin_password",
      "provider": "provider[\"registry.terraform.io/hashicorp/random\"]",
      "instances": [
        {
          "schema_version": 0,
          "attributes": {
            "id": "none",
            "keepers": null,
            "length": 16,
            "lower": true,
            "min_lower": 0,
            "min_numeric": 0,
            "min_special": 0,
            "min_upper": 0,
            "number": true,
            "override_special": "_%@",
            "result": "NF_hDDkNrvOVpXtD",
            "special": true,
            "upper": true
          },
          "sensitive_attributes": [],
          "private": "bnVsbA=="
        }
      ]
    },
    {
      "mode": "managed",
      "type": "random_uuid",
      "name": "namer",
      "provider": "provider[\"registry.terraform.io/hashicorp/random\"]",
      "instances": [
        {
          "schema_version": 0,
          "attributes": {
            "id": "1e27305c-3dcb-c598-9473-6c1e1f390407",
            "keepers": null,
            "result": "1e27305c-3dcb-c598-9473-6c1e1f390407"
          },
          "sensitive_attributes": [],
          "private": "bnVsbA=="
        }
      ]
    }
  ]
}
